
Microsoft Visual Studio Solution File, Format Version 12.00
# Visual Studio Version 16
VisualStudioVersion = 16.0.29503.13
MinimumVisualStudioVersion = 10.0.40219.1
Project("{8BC9CEB8-8B4A-11D0-8D11-00A0C91BC942}") = "GUI_O_CANADA", "GUI_O_CANADA.vcxproj", "{7F597622-5942-4E90-9088-B6D90EFDFB90}"
EndProject
Global
	GlobalSection(SolutionConfigurationPlatforms) = preSolution
		Debug|x64 = Debug|x64
		Debug|x86 = Debug|x86
		Release|x64 = Release|x64
		Release|x86 = Release|x86
	EndGlobalSection
	GlobalSection(ProjectConfigurationPlatforms) = postSolution
		{7F597622-5942-4E90-9088-B6D90EFDFB90}.Debug|x64.ActiveCfg = Debug|x64
		{7F597622-5942-4E90-9088-B6D90EFDFB90}.Debug|x64.Build.0 = Debug|x64
		{7F597622-5942-4E90-9088-B6D90EFDFB90}.Debug|x86.ActiveCfg = Debug|Win32
		{7F597622-5942-4E90-9088-B6D90EFDFB90}.Debug|x86.Build.0 = Debug|Win32
		{7F597622-5942-4E90-9088-B6D90EFDFB90}.Release|x64.ActiveCfg = Release|x64
		{7F597622-5942-4E90-9088-B6D90EFDFB90}.Release|x64.Build.0 = Release|x64
		{7F597622-5942-4E90-9088-B6D90EFDFB90}.Release|x86.ActiveCfg = Release|Win32
		{7F597622-5942-4E90-9088-B6D90EFDFB90}.Release|x86.Build.0 = Release|Win32
	EndGlobalSection
	GlobalSection(SolutionProperties) = preSolution
		HideSolutionNode = FALSE
	EndGlobalSection
	GlobalSection(ExtensibilityGlobals) = postSolution
		SolutionGuid = {7573C195-C850-4B54-998A-01EA5D74BE58}
	EndGlobalSection
EndGlobal
